// !$*UTF8*$!
{
	archiveVersion = 1;
	classes = {
	};
	objectVersion = 46;
	objects = {

/* Begin PBXBuildFile section */
		6A10F0591CF48294006A0A65 /* incoming-call-single-tone.caf in Resources */ = {isa = PBXBuildFile; fileRef = 6A10F0581CF48294006A0A65 /* incoming-call-single-tone.caf */; };
		6A361C731CF49B62008B424C /* incoming-call.caf in Resources */ = {isa = PBXBuildFile; fileRef = 6A361C721CF49B62008B424C /* incoming-call.caf */; };
		6A361C751CF49EA3008B424C /* GCDHelpers.swift in Sources */ = {isa = PBXBuildFile; fileRef = 6A361C741CF49EA3008B424C /* GCDHelpers.swift */; };
		6AA5399B1CF469D700142B4F /* AppDelegate.swift in Sources */ = {isa = PBXBuildFile; fileRef = 6AA5399A1CF469D700142B4F /* AppDelegate.swift */; };
		6AA5399D1CF469D700142B4F /* ViewController.swift in Sources */ = {isa = PBXBuildFile; fileRef = 6AA5399C1CF469D700142B4F /* ViewController.swift */; };
		6AA539A01CF469D700142B4F /* Main.storyboard in Resources */ = {isa = PBXBuildFile; fileRef = 6AA5399E1CF469D700142B4F /* Main.storyboard */; };
		6AA539A21CF469D700142B4F /* Assets.xcassets in Resources */ = {isa = PBXBuildFile; fileRef = 6AA539A11CF469D700142B4F /* Assets.xcassets */; };
		6AA539A51CF469D700142B4F /* LaunchScreen.storyboard in Resources */ = {isa = PBXBuildFile; fileRef = 6AA539A31CF469D700142B4F /* LaunchScreen.storyboard */; };
		6AA6A3011CF4863900EA79F0 /* IncomingCallViewController.swift in Sources */ = {isa = PBXBuildFile; fileRef = 6AA6A3001CF4863900EA79F0 /* IncomingCallViewController.swift */; };
		6AA6A3031CF491B900EA79F0 /* PushKit.framework in Frameworks */ = {isa = PBXBuildFile; fileRef = 6AA6A3021CF491B900EA79F0 /* PushKit.framework */; };
		B8F040091477DF57DC2FBEC6 /* Pods.framework in Frameworks */ = {isa = PBXBuildFile; fileRef = B0C6DE61D815511096218DD8 /* Pods.framework */; };
/* End PBXBuildFile section */

/* Begin PBXFileReference section */
		6A10F0571CF46E37006A0A65 /* Pods-BridgingHeader.h */ = {isa = PBXFileReference; lastKnownFileType = sourcecode.c.h; path = "Pods-BridgingHeader.h"; sourceTree = "<group>"; };
		6A10F0581CF48294006A0A65 /* incoming-call-single-tone.caf */ = {isa = PBXFileReference; lastKnownFileType = file; path = "incoming-call-single-tone.caf"; sourceTree = "<group>"; };
		6A361C721CF49B62008B424C /* incoming-call.caf */ = {isa = PBXFileReference; lastKnownFileType = file; path = "incoming-call.caf"; sourceTree = "<group>"; };
		6A361C741CF49EA3008B424C /* GCDHelpers.swift */ = {isa = PBXFileReference; fileEncoding = 4; lastKnownFileType = sourcecode.swift; path = GCDHelpers.swift; sourceTree = "<group>"; };
		6AA539971CF469D700142B4F /* sinch-poc.app */ = {isa = PBXFileReference; explicitFileType = wrapper.application; includeInIndex = 0; path = "sinch-poc.app"; sourceTree = BUILT_PRODUCTS_DIR; };
		6AA5399A1CF469D700142B4F /* AppDelegate.swift */ = {isa = PBXFileReference; lastKnownFileType = sourcecode.swift; path = AppDelegate.swift; sourceTree = "<group>"; };
		6AA5399C1CF469D700142B4F /* ViewController.swift */ = {isa = PBXFileReference; lastKnownFileType = sourcecode.swift; path = ViewController.swift; sourceTree = "<group>"; };
		6AA5399F1CF469D700142B4F /* Base */ = {isa = PBXFileReference; lastKnownFileType = file.storyboard; name = Base; path = Base.lproj/Main.storyboard; sourceTree = "<group>"; };
		6AA539A11CF469D700142B4F /* Assets.xcassets */ = {isa = PBXFileReference; lastKnownFileType = folder.assetcatalog; path = Assets.xcassets; sourceTree = "<group>"; };
		6AA539A41CF469D700142B4F /* Base */ = {isa = PBXFileReference; lastKnownFileType = file.storyboard; name = Base; path = Base.lproj/LaunchScreen.storyboard; sourceTree = "<group>"; };
		6AA539A61CF469D700142B4F /* Info.plist */ = {isa = PBXFileReference; lastKnownFileType = text.plist.xml; path = Info.plist; sourceTree = "<group>"; };
		6AA6A3001CF4863900EA79F0 /* IncomingCallViewController.swift */ = {isa = PBXFileReference; fileEncoding = 4; lastKnownFileType = sourcecode.swift; path = IncomingCallViewController.swift; sourceTree = "<group>"; };
		6AA6A3021CF491B900EA79F0 /* PushKit.framework */ = {isa = PBXFileReference; lastKnownFileType = wrapper.framework; name = PushKit.framework; path = System/Library/Frameworks/PushKit.framework; sourceTree = SDKROOT; };
		81AD638F8DF86A63B74E5CBB /* Pods.release.xcconfig */ = {isa = PBXFileReference; includeInIndex = 1; lastKnownFileType = text.xcconfig; name = Pods.release.xcconfig; path = "Pods/Target Support Files/Pods/Pods.release.xcconfig"; sourceTree = "<group>"; };
		B0C6DE61D815511096218DD8 /* Pods.framework */ = {isa = PBXFileReference; explicitFileType = wrapper.framework; includeInIndex = 0; path = Pods.framework; sourceTree = BUILT_PRODUCTS_DIR; };
		E55025A295CBC0E65F06E872 /* Pods.debug.xcconfig */ = {isa = PBXFileReference; includeInIndex = 1; lastKnownFileType = text.xcconfig; name = Pods.debug.xcconfig; path = "Pods/Target Support Files/Pods/Pods.debug.xcconfig"; sourceTree = "<group>"; };
/* End PBXFileReference section */

/* Begin PBXFrameworksBuildPhase section */
		6AA539941CF469D700142B4F /* Frameworks */ = {
			isa = PBXFrameworksBuildPhase;
			buildActionMask = 2147483647;
			files = (
				6AA6A3031CF491B900EA79F0 /* PushKit.framework in Frameworks */,
				B8F040091477DF57DC2FBEC6 /* Pods.framework in Frameworks */,
			);
			runOnlyForDeploymentPostprocessing = 0;
		};
/* End PBXFrameworksBuildPhase section */

/* Begin PBXGroup section */
		6AA5398E1CF469D700142B4F = {
			isa = PBXGroup;
			children = (
				6AA539991CF469D700142B4F /* sinch-poc */,
				6AA539981CF469D700142B4F /* Products */,
				9AE8D46F9BFDC86E17F15CDA /* Pods */,
				E09F3C4098D4196C2B2ECFB6 /* Frameworks */,
			);
			sourceTree = "<group>";
		};
		6AA539981CF469D700142B4F /* Products */ = {
			isa = PBXGroup;
			children = (
				6AA539971CF469D700142B4F /* sinch-poc.app */,
			);
			name = Products;
			sourceTree = "<group>";
		};
		6AA539991CF469D700142B4F /* sinch-poc */ = {
			isa = PBXGroup;
			children = (
				6A361C741CF49EA3008B424C /* GCDHelpers.swift */,
				6AA5399A1CF469D700142B4F /* AppDelegate.swift */,
				6AA5399C1CF469D700142B4F /* ViewController.swift */,
				6AA5399E1CF469D700142B4F /* Main.storyboard */,
				6AA6A3001CF4863900EA79F0 /* IncomingCallViewController.swift */,
				6AA539A11CF469D700142B4F /* Assets.xcassets */,
				6AA539A31CF469D700142B4F /* LaunchScreen.storyboard */,
				6AA539A61CF469D700142B4F /* Info.plist */,
				6A10F0571CF46E37006A0A65 /* Pods-BridgingHeader.h */,
				6A10F0581CF48294006A0A65 /* incoming-call-single-tone.caf */,
				6A361C721CF49B62008B424C /* incoming-call.caf */,
			);
			path = "sinch-poc";
			sourceTree = "<group>";
		};
		9AE8D46F9BFDC86E17F15CDA /* Pods */ = {
			isa = PBXGroup;
			children = (
				E55025A295CBC0E65F06E872 /* Pods.debug.xcconfig */,
				81AD638F8DF86A63B74E5CBB /* Pods.release.xcconfig */,
			);
			name = Pods;
			sourceTree = "<group>";
		};
		E09F3C4098D4196C2B2ECFB6 /* Frameworks */ = {
			isa = PBXGroup;
			children = (
				6AA6A3021CF491B900EA79F0 /* PushKit.framework */,
				B0C6DE61D815511096218DD8 /* Pods.framework */,
			);
			name = Frameworks;
			sourceTree = "<group>";
		};
/* End PBXGroup section */

/* Begin PBXNativeTarget section */
		6AA539961CF469D700142B4F /* sinch-poc */ = {
			isa = PBXNativeTarget;
			buildConfigurationList = 6AA539A91CF469D700142B4F /* Build configuration list for PBXNativeTarget "sinch-poc" */;
			buildPhases = (
				F130D32CE7678540700EB28E /* Check Pods Manifest.lock */,
				6AA539931CF469D700142B4F /* Sources */,
				6AA539941CF469D700142B4F /* Frameworks */,
				6AA539951CF469D700142B4F /* Resources */,
				B5CBCD4FA6421E7DD66F69FA /* Embed Pods Frameworks */,
				9586971FE44C60FCDE718CD5 /* Copy Pods Resources */,
			);
			buildRules = (
			);
			dependencies = (
			);
			name = "sinch-poc";
			productName = "sinch-poc";
			productReference = 6AA539971CF469D700142B4F /* sinch-poc.app */;
			productType = "com.apple.product-type.application";
		};
/* End PBXNativeTarget section */

/* Begin PBXProject section */
		6AA5398F1CF469D700142B4F /* Project object */ = {
			isa = PBXProject;
			attributes = {
				LastSwiftUpdateCheck = 0730;
				LastUpgradeCheck = 0730;
				ORGANIZATIONNAME = buildo;
				TargetAttributes = {
					6AA539961CF469D700142B4F = {
						CreatedOnToolsVersion = 7.3.1;
						DevelopmentTeam = 9H28W54MJE;
						SystemCapabilities = {
							com.apple.BackgroundModes = {
								enabled = 1;
							};
							com.apple.Push = {
								enabled = 1;
							};
						};
					};
				};
			};
			buildConfigurationList = 6AA539921CF469D700142B4F /* Build configuration list for PBXProject "sinch-poc" */;
			compatibilityVersion = "Xcode 3.2";
			developmentRegion = English;
			hasScannedForEncodings = 0;
			knownRegions = (
				en,
				Base,
			);
			mainGroup = 6AA5398E1CF469D700142B4F;
			productRefGroup = 6AA539981CF469D700142B4F /* Products */;
			projectDirPath = "";
			projectRoot = "";
			targets = (
				6AA539961CF469D700142B4F /* sinch-poc */,
			);
		};
/* End PBXProject section */

/* Begin PBXResourcesBuildPhase section */
		6AA539951CF469D700142B4F /* Resources */ = {
			isa = PBXResourcesBuildPhase;
			buildActionMask = 2147483647;
			files = (
				6A10F0591CF48294006A0A65 /* incoming-call-single-tone.caf in Resources */,
				6AA539A51CF469D700142B4F /* LaunchScreen.storyboard in Resources */,
				6AA539A21CF469D700142B4F /* Assets.xcassets in Resources */,
				6A361C731CF49B62008B424C /* incoming-call.caf in Resources */,
				6AA539A01CF469D700142B4F /* Main.storyboard in Resources */,
			);
			runOnlyForDeploymentPostprocessing = 0;
		};
/* End PBXResourcesBuildPhase section */

/* Begin PBXShellScriptBuildPhase section */
		9586971FE44C60FCDE718CD5 /* Copy Pods Resources */ = {
			isa = PBXShellScriptBuildPhase;
			buildActionMask = 2147483647;
			files = (
			);
			inputPaths = (
			);
			name = "Copy Pods Resources";
			outputPaths = (
			);
			runOnlyForDeploymentPostprocessing = 0;
			shellPath = /bin/sh;
			shellScript = "\"${SRCROOT}/Pods/Target Support Files/Pods/Pods-resources.sh\"\n";
			showEnvVarsInLog = 0;
		};
		B5CBCD4FA6421E7DD66F69FA /* Embed Pods Frameworks */ = {
			isa = PBXShellScriptBuildPhase;
			buildActionMask = 2147483647;
			files = (
			);
			inputPaths = (
			);
			name = "Embed Pods Frameworks";
			outputPaths = (
			);
			runOnlyForDeploymentPostprocessing = 0;
			shellPath = /bin/sh;
			shellScript = "\"${SRCROOT}/Pods/Target Support Files/Pods/Pods-frameworks.sh\"\n";
			showEnvVarsInLog = 0;
		};
		F130D32CE7678540700EB28E /* Check Pods Manifest.lock */ = {
			isa = PBXShellScriptBuildPhase;
			buildActionMask = 2147483647;
			files = (
			);
			inputPaths = (
			);
			name = "Check Pods Manifest.lock";
			outputPaths = (
			);
			runOnlyForDeploymentPostprocessing = 0;
			shellPath = /bin/sh;
			shellScript = "diff \"${PODS_ROOT}/../Podfile.lock\" \"${PODS_ROOT}/Manifest.lock\" > /dev/null\nif [[ $? != 0 ]] ; then\n    cat << EOM\nerror: The sandbox is not in sync with the Podfile.lock. Run 'pod install' or update your CocoaPods installation.\nEOM\n    exit 1\nfi\n";
			showEnvVarsInLog = 0;
		};
/* End PBXShellScriptBuildPhase section */

/* Begin PBXSourcesBuildPhase section */
		6AA539931CF469D700142B4F /* Sources */ = {
			isa = PBXSourcesBuildPhase;
			buildActionMask = 2147483647;
			files = (
				6A361C751CF49EA3008B424C /* GCDHelpers.swift in Sources */,
				6AA5399D1CF469D700142B4F /* ViewController.swift in Sources */,
				6AA6A3011CF4863900EA79F0 /* IncomingCallViewController.swift in Sources */,
				6AA5399B1CF469D700142B4F /* AppDelegate.swift in Sources */,
			);
			runOnlyForDeploymentPostprocessing = 0;
		};
/* End PBXSourcesBuildPhase section */

/* Begin PBXVariantGroup section */
		6AA5399E1CF469D700142B4F /* Main.storyboard */ = {
			isa = PBXVariantGroup;
			children = (
				6AA5399F1CF469D700142B4F /* Base */,
			);
			name = Main.storyboard;
			sourceTree = "<group>";
		};
		6AA539A31CF469D700142B4F /* LaunchScreen.storyboard */ = {
			isa = PBXVariantGroup;
			children = (
				6AA539A41CF469D700142B4F /* Base */,
			);
			name = LaunchScreen.storyboard;
			sourceTree = "<group>";
		};
/* End PBXVariantGroup section */

/* Begin XCBuildConfiguration section */
		6AA539A71CF469D700142B4F /* Debug */ = {
			isa = XCBuildConfiguration;
			buildSettings = {
				ALWAYS_SEARCH_USER_PATHS = NO;
				CLANG_ANALYZER_NONNULL = YES;
				CLANG_CXX_LANGUAGE_STANDARD = "gnu++0x";
				CLANG_CXX_LIBRARY = "libc++";
				CLANG_ENABLE_MODULES = YES;
				CLANG_ENABLE_OBJC_ARC = YES;
				CLANG_WARN_BOOL_CONVERSION = YES;
				CLANG_WARN_CONSTANT_CONVERSION = YES;
				CLANG_WARN_DIRECT_OBJC_ISA_USAGE = YES_ERROR;
				CLANG_WARN_EMPTY_BODY = YES;
				CLANG_WARN_ENUM_CONVERSION = YES;
				CLANG_WARN_INT_CONVERSION = YES;
				CLANG_WARN_OBJC_ROOT_CLASS = YES_ERROR;
				CLANG_WARN_UNREACHABLE_CODE = YES;
				CLANG_WARN__DUPLICATE_METHOD_MATCH = YES;
				"CODE_SIGN_IDENTITY[sdk=iphoneos*]" = "iPhone Developer";
				COPY_PHASE_STRIP = NO;
				DEBUG_INFORMATION_FORMAT = dwarf;
				ENABLE_STRICT_OBJC_MSGSEND = YES;
				ENABLE_TESTABILITY = YES;
				GCC_C_LANGUAGE_STANDARD = gnu99;
				GCC_DYNAMIC_NO_PIC = NO;
				GCC_NO_COMMON_BLOCKS = YES;
				GCC_OPTIMIZATION_LEVEL = 0;
				GCC_PREPROCESSOR_DEFINITIONS = (
					"DEBUG=1",
					"$(inherited)",
				);
				GCC_WARN_64_TO_32_BIT_CONVERSION = YES;
				GCC_WARN_ABOUT_RETURN_TYPE = YES_ERROR;
				GCC_WARN_UNDECLARED_SELECTOR = YES;
				GCC_WARN_UNINITIALIZED_AUTOS = YES_AGGRESSIVE;
				GCC_WARN_UNUSED_FUNCTION = YES;
				GCC_WARN_UNUSED_VARIABLE = YES;
				IPHONEOS_DEPLOYMENT_TARGET = 9.3;
				MTL_ENABLE_DEBUG_INFO = YES;
				ONLY_ACTIVE_ARCH = YES;
				SDKROOT = iphoneos;
				SWIFT_OPTIMIZATION_LEVEL = "-Onone";
				TARGETED_DEVICE_FAMILY = "1,2";
			};
			name = Debug;
		};
		6AA539A81CF469D700142B4F /* Release */ = {
			isa = XCBuildConfiguration;
			buildSettings = {
				ALWAYS_SEARCH_USER_PATHS = NO;
				CLANG_ANALYZER_NONNULL = YES;
				CLANG_CXX_LANGUAGE_STANDARD = "gnu++0x";
				CLANG_CXX_LIBRARY = "libc++";
				CLANG_ENABLE_MODULES = YES;
				CLANG_ENABLE_OBJC_ARC = YES;
				CLANG_WARN_BOOL_CONVERSION = YES;
				CLANG_WARN_CONSTANT_CONVERSION = YES;
				CLANG_WARN_DIRECT_OBJC_ISA_USAGE = YES_ERROR;
				CLANG_WARN_EMPTY_BODY = YES;
				CLANG_WARN_ENUM_CONVERSION = YES;
				CLANG_WARN_INT_CONVERSION = YES;
				CLANG_WARN_OBJC_ROOT_CLASS = YES_ERROR;
				CLANG_WARN_UNREACHABLE_CODE = YES;
				CLANG_WARN__DUPLICATE_METHOD_MATCH = YES;
				"CODE_SIGN_IDENTITY[sdk=iphoneos*]" = "iPhone Developer";
				COPY_PHASE_STRIP = NO;
				DEBUG_INFORMATION_FORMAT = "dwarf-with-dsym";
				ENABLE_NS_ASSERTIONS = NO;
				ENABLE_STRICT_OBJC_MSGSEND = YES;
				GCC_C_LANGUAGE_STANDARD = gnu99;
				GCC_NO_COMMON_BLOCKS = YES;
				GCC_WARN_64_TO_32_BIT_CONVERSION = YES;
				GCC_WARN_ABOUT_RETURN_TYPE = YES_ERROR;
				GCC_WARN_UNDECLARED_SELECTOR = YES;
				GCC_WARN_UNINITIALIZED_AUTOS = YES_AGGRESSIVE;
				GCC_WARN_UNUSED_FUNCTION = YES;
				GCC_WARN_UNUSED_VARIABLE = YES;
				IPHONEOS_DEPLOYMENT_TARGET = 9.3;
				MTL_ENABLE_DEBUG_INFO = NO;
				SDKROOT = iphoneos;
				TARGETED_DEVICE_FAMILY = "1,2";
				VALIDATE_PRODUCT = YES;
			};
			name = Release;
		};
		6AA539AA1CF469D700142B4F /* Debug */ = {
			isa = XCBuildConfiguration;
			baseConfigurationReference = E55025A295CBC0E65F06E872 /* Pods.debug.xcconfig */;
			buildSettings = {
				ASSETCATALOG_COMPILER_APPICON_NAME = AppIcon;
				INFOPLIST_FILE = "sinch-poc/Info.plist";
				LD_RUNPATH_SEARCH_PATHS = "$(inherited) @executable_path/Frameworks";
				PRODUCT_BUNDLE_IDENTIFIER = "io.buildo.sinch-poc";
				PRODUCT_NAME = "$(TARGET_NAME)";
				SWIFT_OBJC_BRIDGING_HEADER = "sinch-poc/Pods-BridgingHeader.h";
			};
			name = Debug;
		};
		6AA539AB1CF469D700142B4F /* Release */ = {
			isa = XCBuildConfiguration;
			baseConfigurationReference = 81AD638F8DF86A63B74E5CBB /* Pods.release.xcconfig */;
			buildSettings = {
				ASSETCATALOG_COMPILER_APPICON_NAME = AppIcon;
				INFOPLIST_FILE = "sinch-poc/Info.plist";
				LD_RUNPATH_SEARCH_PATHS = "$(inherited) @executable_path/Frameworks";
				PRODUCT_BUNDLE_IDENTIFIER = "io.buildo.sinch-poc";
				PRODUCT_NAME = "$(TARGET_NAME)";
				SWIFT_OBJC_BRIDGING_HEADER = "sinch-poc/Pods-BridgingHeader.h";
			};
			name = Release;
		};
/* End XCBuildConfiguration section */

/* Begin XCConfigurationList section */
		6AA539921CF469D700142B4F /* Build configuration list for PBXProject "sinch-poc" */ = {
			isa = XCConfigurationList;
			buildConfigurations = (
				6AA539A71CF469D700142B4F /* Debug */,
				6AA539A81CF469D700142B4F /* Release */,
			);
			defaultConfigurationIsVisible = 0;
			defaultConfigurationName = Release;
		};
		6AA539A91CF469D700142B4F /* Build configuration list for PBXNativeTarget "sinch-poc" */ = {
			isa = XCConfigurationList;
			buildConfigurations = (
				6AA539AA1CF469D700142B4F /* Debug */,
				6AA539AB1CF469D700142B4F /* Release */,
			);
			defaultConfigurationIsVisible = 0;
			defaultConfigurationName = Release;
		};
/* End XCConfigurationList section */
	};
	rootObject = 6AA5398F1CF469D700142B4F /* Project object */;
}
